
Microsoft Visual Studio Solution File, Format Version 12.00
# Visual Studio Version 17
VisualStudioVersion = 17.5.33516.290
MinimumVisualStudioVersion = 10.0.40219.1
Project("{FAE04EC0-301F-11D3-BF4B-00C04F79EFBC}") = "SimpleTaskManager.Server", "SimpleTaskManager\Server\SimpleTaskManager.Server.csproj", "{4C5D686D-24BC-404F-A26B-0BE460D44942}"
EndProject
Project("{FAE04EC0-301F-11D3-BF4B-00C04F79EFBC}") = "SimpleTaskManager.Client", "SimpleTaskManager\Client\SimpleTaskManager.Client.csproj", "{B2C2FC86-F973-425B-A801-3D1462EB766C}"
EndProject
Project("{FAE04EC0-301F-11D3-BF4B-00C04F79EFBC}") = "SimpleTaskManager.Shared", "SimpleTaskManager\Shared\SimpleTaskManager.Shared.csproj", "{2846E1D6-6905-4815-8545-2D8EA5C716A7}"
EndProject
Global
	GlobalSection(SolutionConfigurationPlatforms) = preSolution
		Debug|Any CPU = Debug|Any CPU
		Release|Any CPU = Release|Any CPU
	EndGlobalSection
	GlobalSection(ProjectConfigurationPlatforms) = postSolution
		{4C5D686D-24BC-404F-A26B-0BE460D44942}.Debug|Any CPU.ActiveCfg = Debug|Any CPU
		{4C5D686D-24BC-404F-A26B-0BE460D44942}.Debug|Any CPU.Build.0 = Debug|Any CPU
		{4C5D686D-24BC-404F-A26B-0BE460D44942}.Release|Any CPU.ActiveCfg = Release|Any CPU
		{4C5D686D-24BC-404F-A26B-0BE460D44942}.Release|Any CPU.Build.0 = Release|Any CPU
		{B2C2FC86-F973-425B-A801-3D1462EB766C}.Debug|Any CPU.ActiveCfg = Debug|Any CPU
		{B2C2FC86-F973-425B-A801-3D1462EB766C}.Debug|Any CPU.Build.0 = Debug|Any CPU
		{B2C2FC86-F973-425B-A801-3D1462EB766C}.Release|Any CPU.ActiveCfg = Release|Any CPU
		{B2C2FC86-F973-425B-A801-3D1462EB766C}.Release|Any CPU.Build.0 = Release|Any CPU
		{2846E1D6-6905-4815-8545-2D8EA5C716A7}.Debug|Any CPU.ActiveCfg = Debug|Any CPU
		{2846E1D6-6905-4815-8545-2D8EA5C716A7}.Debug|Any CPU.Build.0 = Debug|Any CPU
		{2846E1D6-6905-4815-8545-2D8EA5C716A7}.Release|Any CPU.ActiveCfg = Release|Any CPU
		{2846E1D6-6905-4815-8545-2D8EA5C716A7}.Release|Any CPU.Build.0 = Release|Any CPU
	EndGlobalSection
	GlobalSection(SolutionProperties) = preSolution
		HideSolutionNode = FALSE
	EndGlobalSection
	GlobalSection(ExtensibilityGlobals) = postSolution
		SolutionGuid = {E20A3BB0-650E-4707-8FA2-24F73966656F}
	EndGlobalSection
EndGlobal
