
Microsoft Visual Studio Solution File, Format Version 12.00
# Visual Studio Version 17
VisualStudioVersion = 17.5.33516.290
MinimumVisualStudioVersion = 10.0.40219.1
Project("{FAE04EC0-301F-11D3-BF4B-00C04F79EFBC}") = "usingJavaScript", "usingJavaScript\usingJavaScript.csproj", "{EAEB942B-6014-4BB2-9437-CF9A442363E8}"
EndProject
Global
	GlobalSection(SolutionConfigurationPlatforms) = preSolution
		Debug|Any CPU = Debug|Any CPU
		Release|Any CPU = Release|Any CPU
	EndGlobalSection
	GlobalSection(ProjectConfigurationPlatforms) = postSolution
		{EAEB942B-6014-4BB2-9437-CF9A442363E8}.Debug|Any CPU.ActiveCfg = Debug|Any CPU
		{EAEB942B-6014-4BB2-9437-CF9A442363E8}.Debug|Any CPU.Build.0 = Debug|Any CPU
		{EAEB942B-6014-4BB2-9437-CF9A442363E8}.Release|Any CPU.ActiveCfg = Release|Any CPU
		{EAEB942B-6014-4BB2-9437-CF9A442363E8}.Release|Any CPU.Build.0 = Release|Any CPU
	EndGlobalSection
	GlobalSection(SolutionProperties) = preSolution
		HideSolutionNode = FALSE
	EndGlobalSection
	GlobalSection(ExtensibilityGlobals) = postSolution
		SolutionGuid = {B9019D92-08BB-48E9-ADD4-0418B4616FF9}
	EndGlobalSection
EndGlobal
